{
  "pins" : [
    {
      "identity" : "playdatekit",
      "kind" : "remoteSourceControl",
      "location" : "https://github.com/finnvoor/PlaydateKit.git",
      "state" : {
        "branch" : "improvement/pdc-plugin",
        "revision" : "2cf746a193ff22856d8812984ca79936b844c582"
      }
    }
  ],
  "version" : 2
}
